{
  "name": "gerar-horarior-root",
  "lockfileVersion": 3,
  "requires": true,
  "packages": {
    "": {
      "name": "gerar-horarior-root",
      "workspaces": [
        "estudo-node-z3/projeto"
      ]
    },
    "estudo-node-z3/projeto": {
      "dependencies": {
        "date-fns": "^3.3.1",
        "jiti": "^1.21.0",
        "lodash": "^4.17.21",
        "ts-node-dev": "^2.0.0",
        "z3-solver": "^4.13.0"
      },
      "devDependencies": {
        "@types/lodash": "^4.14.202",
        "typescript": "^5.4.2",
        "vitest": "^1.3.1"
      }
    },
    "estudo-node-z3/projeto/node_modules/@cspotcode/source-map-support": {
      "version": "0.8.1",
      "license": "MIT",
      "dependencies": {
        "@jridgewell/trace-mapping": "0.3.9"
      },
      "engines": {
        "node": ">=12"
      }
    },
    "estudo-node-z3/projeto/node_modules/@esbuild/linux-x64": {
      "version": "0.19.12",
      "cpu": [
        "x64"
      ],
      "dev": true,
      "license": "MIT",
      "optional": true,
      "os": [
        "linux"
      ],
      "engines": {
        "node": ">=12"
      }
    },
    "estudo-node-z3/projeto/node_modules/@jest/schemas": {
      "version": "29.6.3",
      "dev": true,
      "license": "MIT",
      "dependencies": {
        "@sinclair/typebox": "^0.27.8"
      },
      "engines": {
        "node": "^14.15.0 || ^16.10.0 || >=18.0.0"
      }
    },
    "estudo-node-z3/projeto/node_modules/@jridgewell/resolve-uri": {
      "version": "3.1.2",
      "license": "MIT",
      "engines": {
        "node": ">=6.0.0"
      }
    },
    "estudo-node-z3/projeto/node_modules/@jridgewell/sourcemap-codec": {
      "version": "1.4.15",
      "license": "MIT"
    },
    "estudo-node-z3/projeto/node_modules/@jridgewell/trace-mapping": {
      "version": "0.3.9",
      "license": "MIT",
      "dependencies": {
        "@jridgewell/resolve-uri": "^3.0.3",
        "@jridgewell/sourcemap-codec": "^1.4.10"
      }
    },
    "estudo-node-z3/projeto/node_modules/@rollup/rollup-linux-x64-gnu": {
      "version": "4.12.1",
      "cpu": [
        "x64"
      ],
      "dev": true,
      "license": "MIT",
      "optional": true,
      "os": [
        "linux"
      ]
    },
    "estudo-node-z3/projeto/node_modules/@rollup/rollup-linux-x64-musl": {
      "version": "4.12.1",
      "cpu": [
        "x64"
      ],
      "dev": true,
      "license": "MIT",
      "optional": true,
      "os": [
        "linux"
      ]
    },
    "estudo-node-z3/projeto/node_modules/@sinclair/typebox": {
      "version": "0.27.8",
      "dev": true,
      "license": "MIT"
    },
    "estudo-node-z3/projeto/node_modules/@tsconfig/node10": {
      "version": "1.0.9",
      "license": "MIT"
    },
    "estudo-node-z3/projeto/node_modules/@tsconfig/node12": {
      "version": "1.0.11",
      "license": "MIT"
    },
    "estudo-node-z3/projeto/node_modules/@tsconfig/node14": {
      "version": "1.0.3",
      "license": "MIT"
    },
    "estudo-node-z3/projeto/node_modules/@tsconfig/node16": {
      "version": "1.0.4",
      "license": "MIT"
    },
    "estudo-node-z3/projeto/node_modules/@types/estree": {
      "version": "1.0.5",
      "dev": true,
      "license": "MIT"
    },
    "estudo-node-z3/projeto/node_modules/@types/lodash": {
      "version": "4.14.202",
      "dev": true,
      "license": "MIT"
    },
    "estudo-node-z3/projeto/node_modules/@types/node": {
      "version": "20.11.25",
      "license": "MIT",
      "peer": true,
      "dependencies": {
        "undici-types": "~5.26.4"
      }
    },
    "estudo-node-z3/projeto/node_modules/@types/strip-bom": {
      "version": "3.0.0",
      "license": "MIT"
    },
    "estudo-node-z3/projeto/node_modules/@types/strip-json-comments": {
      "version": "0.0.30",
      "license": "MIT"
    },
    "estudo-node-z3/projeto/node_modules/@vitest/expect": {
      "version": "1.3.1",
      "dev": true,
      "license": "MIT",
      "dependencies": {
        "@vitest/spy": "1.3.1",
        "@vitest/utils": "1.3.1",
        "chai": "^4.3.10"
      },
      "funding": {
        "url": "https://opencollective.com/vitest"
      }
    },
    "estudo-node-z3/projeto/node_modules/@vitest/runner": {
      "version": "1.3.1",
      "dev": true,
      "license": "MIT",
      "dependencies": {
        "@vitest/utils": "1.3.1",
        "p-limit": "^5.0.0",
        "pathe": "^1.1.1"
      },
      "funding": {
        "url": "https://opencollective.com/vitest"
      }
    },
    "estudo-node-z3/projeto/node_modules/@vitest/snapshot": {
      "version": "1.3.1",
      "dev": true,
      "license": "MIT",
      "dependencies": {
        "magic-string": "^0.30.5",
        "pathe": "^1.1.1",
        "pretty-format": "^29.7.0"
      },
      "funding": {
        "url": "https://opencollective.com/vitest"
      }
    },
    "estudo-node-z3/projeto/node_modules/@vitest/spy": {
      "version": "1.3.1",
      "dev": true,
      "license": "MIT",
      "dependencies": {
        "tinyspy": "^2.2.0"
      },
      "funding": {
        "url": "https://opencollective.com/vitest"
      }
    },
    "estudo-node-z3/projeto/node_modules/@vitest/utils": {
      "version": "1.3.1",
      "dev": true,
      "license": "MIT",
      "dependencies": {
        "diff-sequences": "^29.6.3",
        "estree-walker": "^3.0.3",
        "loupe": "^2.3.7",
        "pretty-format": "^29.7.0"
      },
      "funding": {
        "url": "https://opencollective.com/vitest"
      }
    },
    "estudo-node-z3/projeto/node_modules/acorn": {
      "version": "8.11.3",
      "license": "MIT",
      "bin": {
        "acorn": "bin/acorn"
      },
      "engines": {
        "node": ">=0.4.0"
      }
    },
    "estudo-node-z3/projeto/node_modules/acorn-walk": {
      "version": "8.3.2",
      "license": "MIT",
      "engines": {
        "node": ">=0.4.0"
      }
    },
    "estudo-node-z3/projeto/node_modules/ansi-styles": {
      "version": "5.2.0",
      "dev": true,
      "license": "MIT",
      "engines": {
        "node": ">=10"
      },
      "funding": {
        "url": "https://github.com/chalk/ansi-styles?sponsor=1"
      }
    },
    "estudo-node-z3/projeto/node_modules/anymatch": {
      "version": "3.1.3",
      "license": "ISC",
      "dependencies": {
        "normalize-path": "^3.0.0",
        "picomatch": "^2.0.4"
      },
      "engines": {
        "node": ">= 8"
      }
    },
    "estudo-node-z3/projeto/node_modules/arg": {
      "version": "4.1.3",
      "license": "MIT"
    },
    "estudo-node-z3/projeto/node_modules/assertion-error": {
      "version": "1.1.0",
      "dev": true,
      "license": "MIT",
      "engines": {
        "node": "*"
      }
    },
    "estudo-node-z3/projeto/node_modules/async-mutex": {
      "version": "0.3.2",
      "license": "MIT",
      "dependencies": {
        "tslib": "^2.3.1"
      }
    },
    "estudo-node-z3/projeto/node_modules/balanced-match": {
      "version": "1.0.2",
      "license": "MIT"
    },
    "estudo-node-z3/projeto/node_modules/binary-extensions": {
      "version": "2.2.0",
      "license": "MIT",
      "engines": {
        "node": ">=8"
      }
    },
    "estudo-node-z3/projeto/node_modules/brace-expansion": {
      "version": "1.1.11",
      "license": "MIT",
      "dependencies": {
        "balanced-match": "^1.0.0",
        "concat-map": "0.0.1"
      }
    },
    "estudo-node-z3/projeto/node_modules/braces": {
      "version": "3.0.2",
      "license": "MIT",
      "dependencies": {
        "fill-range": "^7.0.1"
      },
      "engines": {
        "node": ">=8"
      }
    },
    "estudo-node-z3/projeto/node_modules/buffer-from": {
      "version": "1.1.2",
      "license": "MIT"
    },
    "estudo-node-z3/projeto/node_modules/cac": {
      "version": "6.7.14",
      "dev": true,
      "license": "MIT",
      "engines": {
        "node": ">=8"
      }
    },
    "estudo-node-z3/projeto/node_modules/chai": {
      "version": "4.4.1",
      "dev": true,
      "license": "MIT",
      "dependencies": {
        "assertion-error": "^1.1.0",
        "check-error": "^1.0.3",
        "deep-eql": "^4.1.3",
        "get-func-name": "^2.0.2",
        "loupe": "^2.3.6",
        "pathval": "^1.1.1",
        "type-detect": "^4.0.8"
      },
      "engines": {
        "node": ">=4"
      }
    },
    "estudo-node-z3/projeto/node_modules/check-error": {
      "version": "1.0.3",
      "dev": true,
      "license": "MIT",
      "dependencies": {
        "get-func-name": "^2.0.2"
      },
      "engines": {
        "node": "*"
      }
    },
    "estudo-node-z3/projeto/node_modules/chokidar": {
      "version": "3.6.0",
      "license": "MIT",
      "dependencies": {
        "anymatch": "~3.1.2",
        "braces": "~3.0.2",
        "glob-parent": "~5.1.2",
        "is-binary-path": "~2.1.0",
        "is-glob": "~4.0.1",
        "normalize-path": "~3.0.0",
        "readdirp": "~3.6.0"
      },
      "engines": {
        "node": ">= 8.10.0"
      },
      "funding": {
        "url": "https://paulmillr.com/funding/"
      },
      "optionalDependencies": {
        "fsevents": "~2.3.2"
      }
    },
    "estudo-node-z3/projeto/node_modules/concat-map": {
      "version": "0.0.1",
      "license": "MIT"
    },
    "estudo-node-z3/projeto/node_modules/create-require": {
      "version": "1.1.1",
      "license": "MIT"
    },
    "estudo-node-z3/projeto/node_modules/cross-spawn": {
      "version": "7.0.3",
      "dev": true,
      "license": "MIT",
      "dependencies": {
        "path-key": "^3.1.0",
        "shebang-command": "^2.0.0",
        "which": "^2.0.1"
      },
      "engines": {
        "node": ">= 8"
      }
    },
    "estudo-node-z3/projeto/node_modules/date-fns": {
      "version": "3.3.1",
      "license": "MIT",
      "funding": {
        "type": "github",
        "url": "https://github.com/sponsors/kossnocorp"
      }
    },
    "estudo-node-z3/projeto/node_modules/debug": {
      "version": "4.3.4",
      "dev": true,
      "license": "MIT",
      "dependencies": {
        "ms": "2.1.2"
      },
      "engines": {
        "node": ">=6.0"
      },
      "peerDependenciesMeta": {
        "supports-color": {
          "optional": true
        }
      }
    },
    "estudo-node-z3/projeto/node_modules/deep-eql": {
      "version": "4.1.3",
      "dev": true,
      "license": "MIT",
      "dependencies": {
        "type-detect": "^4.0.0"
      },
      "engines": {
        "node": ">=6"
      }
    },
    "estudo-node-z3/projeto/node_modules/diff": {
      "version": "4.0.2",
      "license": "BSD-3-Clause",
      "engines": {
        "node": ">=0.3.1"
      }
    },
    "estudo-node-z3/projeto/node_modules/diff-sequences": {
      "version": "29.6.3",
      "dev": true,
      "license": "MIT",
      "engines": {
        "node": "^14.15.0 || ^16.10.0 || >=18.0.0"
      }
    },
    "estudo-node-z3/projeto/node_modules/dynamic-dedupe": {
      "version": "0.3.0",
      "license": "MIT",
      "dependencies": {
        "xtend": "^4.0.0"
      }
    },
    "estudo-node-z3/projeto/node_modules/esbuild": {
      "version": "0.19.12",
      "dev": true,
      "hasInstallScript": true,
      "license": "MIT",
      "bin": {
        "esbuild": "bin/esbuild"
      },
      "engines": {
        "node": ">=12"
      },
      "optionalDependencies": {
        "@esbuild/aix-ppc64": "0.19.12",
        "@esbuild/android-arm": "0.19.12",
        "@esbuild/android-arm64": "0.19.12",
        "@esbuild/android-x64": "0.19.12",
        "@esbuild/darwin-arm64": "0.19.12",
        "@esbuild/darwin-x64": "0.19.12",
        "@esbuild/freebsd-arm64": "0.19.12",
        "@esbuild/freebsd-x64": "0.19.12",
        "@esbuild/linux-arm": "0.19.12",
        "@esbuild/linux-arm64": "0.19.12",
        "@esbuild/linux-ia32": "0.19.12",
        "@esbuild/linux-loong64": "0.19.12",
        "@esbuild/linux-mips64el": "0.19.12",
        "@esbuild/linux-ppc64": "0.19.12",
        "@esbuild/linux-riscv64": "0.19.12",
        "@esbuild/linux-s390x": "0.19.12",
        "@esbuild/linux-x64": "0.19.12",
        "@esbuild/netbsd-x64": "0.19.12",
        "@esbuild/openbsd-x64": "0.19.12",
        "@esbuild/sunos-x64": "0.19.12",
        "@esbuild/win32-arm64": "0.19.12",
        "@esbuild/win32-ia32": "0.19.12",
        "@esbuild/win32-x64": "0.19.12"
      }
    },
    "estudo-node-z3/projeto/node_modules/estree-walker": {
      "version": "3.0.3",
      "dev": true,
      "license": "MIT",
      "dependencies": {
        "@types/estree": "^1.0.0"
      }
    },
    "estudo-node-z3/projeto/node_modules/execa": {
      "version": "8.0.1",
      "dev": true,
      "license": "MIT",
      "dependencies": {
        "cross-spawn": "^7.0.3",
        "get-stream": "^8.0.1",
        "human-signals": "^5.0.0",
        "is-stream": "^3.0.0",
        "merge-stream": "^2.0.0",
        "npm-run-path": "^5.1.0",
        "onetime": "^6.0.0",
        "signal-exit": "^4.1.0",
        "strip-final-newline": "^3.0.0"
      },
      "engines": {
        "node": ">=16.17"
      },
      "funding": {
        "url": "https://github.com/sindresorhus/execa?sponsor=1"
      }
    },
    "estudo-node-z3/projeto/node_modules/fill-range": {
      "version": "7.0.1",
      "license": "MIT",
      "dependencies": {
        "to-regex-range": "^5.0.1"
      },
      "engines": {
        "node": ">=8"
      }
    },
    "estudo-node-z3/projeto/node_modules/fs.realpath": {
      "version": "1.0.0",
      "license": "ISC"
    },
    "estudo-node-z3/projeto/node_modules/function-bind": {
      "version": "1.1.2",
      "license": "MIT",
      "funding": {
        "url": "https://github.com/sponsors/ljharb"
      }
    },
    "estudo-node-z3/projeto/node_modules/get-func-name": {
      "version": "2.0.2",
      "dev": true,
      "license": "MIT",
      "engines": {
        "node": "*"
      }
    },
    "estudo-node-z3/projeto/node_modules/get-stream": {
      "version": "8.0.1",
      "dev": true,
      "license": "MIT",
      "engines": {
        "node": ">=16"
      },
      "funding": {
        "url": "https://github.com/sponsors/sindresorhus"
      }
    },
    "estudo-node-z3/projeto/node_modules/glob": {
      "version": "7.2.3",
      "license": "ISC",
      "dependencies": {
        "fs.realpath": "^1.0.0",
        "inflight": "^1.0.4",
        "inherits": "2",
        "minimatch": "^3.1.1",
        "once": "^1.3.0",
        "path-is-absolute": "^1.0.0"
      },
      "engines": {
        "node": "*"
      },
      "funding": {
        "url": "https://github.com/sponsors/isaacs"
      }
    },
    "estudo-node-z3/projeto/node_modules/glob-parent": {
      "version": "5.1.2",
      "license": "ISC",
      "dependencies": {
        "is-glob": "^4.0.1"
      },
      "engines": {
        "node": ">= 6"
      }
    },
    "estudo-node-z3/projeto/node_modules/hasown": {
      "version": "2.0.1",
      "license": "MIT",
      "dependencies": {
        "function-bind": "^1.1.2"
      },
      "engines": {
        "node": ">= 0.4"
      }
    },
    "estudo-node-z3/projeto/node_modules/human-signals": {
      "version": "5.0.0",
      "dev": true,
      "license": "Apache-2.0",
      "engines": {
        "node": ">=16.17.0"
      }
    },
    "estudo-node-z3/projeto/node_modules/inflight": {
      "version": "1.0.6",
      "license": "ISC",
      "dependencies": {
        "once": "^1.3.0",
        "wrappy": "1"
      }
    },
    "estudo-node-z3/projeto/node_modules/inherits": {
      "version": "2.0.4",
      "license": "ISC"
    },
    "estudo-node-z3/projeto/node_modules/is-binary-path": {
      "version": "2.1.0",
      "license": "MIT",
      "dependencies": {
        "binary-extensions": "^2.0.0"
      },
      "engines": {
        "node": ">=8"
      }
    },
    "estudo-node-z3/projeto/node_modules/is-core-module": {
      "version": "2.13.1",
      "license": "MIT",
      "dependencies": {
        "hasown": "^2.0.0"
      },
      "funding": {
        "url": "https://github.com/sponsors/ljharb"
      }
    },
    "estudo-node-z3/projeto/node_modules/is-extglob": {
      "version": "2.1.1",
      "license": "MIT",
      "engines": {
        "node": ">=0.10.0"
      }
    },
    "estudo-node-z3/projeto/node_modules/is-glob": {
      "version": "4.0.3",
      "license": "MIT",
      "dependencies": {
        "is-extglob": "^2.1.1"
      },
      "engines": {
        "node": ">=0.10.0"
      }
    },
    "estudo-node-z3/projeto/node_modules/is-number": {
      "version": "7.0.0",
      "license": "MIT",
      "engines": {
        "node": ">=0.12.0"
      }
    },
    "estudo-node-z3/projeto/node_modules/is-stream": {
      "version": "3.0.0",
      "dev": true,
      "license": "MIT",
      "engines": {
        "node": "^12.20.0 || ^14.13.1 || >=16.0.0"
      },
      "funding": {
        "url": "https://github.com/sponsors/sindresorhus"
      }
    },
    "estudo-node-z3/projeto/node_modules/isexe": {
      "version": "2.0.0",
      "dev": true,
      "license": "ISC"
    },
    "estudo-node-z3/projeto/node_modules/jiti": {
      "version": "1.21.0",
      "license": "MIT",
      "bin": {
        "jiti": "bin/jiti.js"
      }
    },
    "estudo-node-z3/projeto/node_modules/js-tokens": {
      "version": "8.0.3",
      "dev": true,
      "license": "MIT"
    },
    "estudo-node-z3/projeto/node_modules/jsonc-parser": {
      "version": "3.2.1",
      "dev": true,
      "license": "MIT"
    },
    "estudo-node-z3/projeto/node_modules/local-pkg": {
      "version": "0.5.0",
      "dev": true,
      "license": "MIT",
      "dependencies": {
        "mlly": "^1.4.2",
        "pkg-types": "^1.0.3"
      },
      "engines": {
        "node": ">=14"
      },
      "funding": {
        "url": "https://github.com/sponsors/antfu"
      }
    },
    "estudo-node-z3/projeto/node_modules/lodash": {
      "version": "4.17.21",
      "license": "MIT"
    },
    "estudo-node-z3/projeto/node_modules/loupe": {
      "version": "2.3.7",
      "dev": true,
      "license": "MIT",
      "dependencies": {
        "get-func-name": "^2.0.1"
      }
    },
    "estudo-node-z3/projeto/node_modules/magic-string": {
      "version": "0.30.8",
      "dev": true,
      "license": "MIT",
      "dependencies": {
        "@jridgewell/sourcemap-codec": "^1.4.15"
      },
      "engines": {
        "node": ">=12"
      }
    },
    "estudo-node-z3/projeto/node_modules/make-error": {
      "version": "1.3.6",
      "license": "ISC"
    },
    "estudo-node-z3/projeto/node_modules/merge-stream": {
      "version": "2.0.0",
      "dev": true,
      "license": "MIT"
    },
    "estudo-node-z3/projeto/node_modules/mimic-fn": {
      "version": "4.0.0",
      "dev": true,
      "license": "MIT",
      "engines": {
        "node": ">=12"
      },
      "funding": {
        "url": "https://github.com/sponsors/sindresorhus"
      }
    },
    "estudo-node-z3/projeto/node_modules/minimatch": {
      "version": "3.1.2",
      "license": "ISC",
      "dependencies": {
        "brace-expansion": "^1.1.7"
      },
      "engines": {
        "node": "*"
      }
    },
    "estudo-node-z3/projeto/node_modules/minimist": {
      "version": "1.2.8",
      "license": "MIT",
      "funding": {
        "url": "https://github.com/sponsors/ljharb"
      }
    },
    "estudo-node-z3/projeto/node_modules/mkdirp": {
      "version": "1.0.4",
      "license": "MIT",
      "bin": {
        "mkdirp": "bin/cmd.js"
      },
      "engines": {
        "node": ">=10"
      }
    },
    "estudo-node-z3/projeto/node_modules/mlly": {
      "version": "1.6.1",
      "dev": true,
      "license": "MIT",
      "dependencies": {
        "acorn": "^8.11.3",
        "pathe": "^1.1.2",
        "pkg-types": "^1.0.3",
        "ufo": "^1.3.2"
      }
    },
    "estudo-node-z3/projeto/node_modules/ms": {
      "version": "2.1.2",
      "dev": true,
      "license": "MIT"
    },
    "estudo-node-z3/projeto/node_modules/nanoid": {
      "version": "3.3.7",
      "dev": true,
      "funding": [
        {
          "type": "github",
          "url": "https://github.com/sponsors/ai"
        }
      ],
      "license": "MIT",
      "bin": {
        "nanoid": "bin/nanoid.cjs"
      },
      "engines": {
        "node": "^10 || ^12 || ^13.7 || ^14 || >=15.0.1"
      }
    },
    "estudo-node-z3/projeto/node_modules/normalize-path": {
      "version": "3.0.0",
      "license": "MIT",
      "engines": {
        "node": ">=0.10.0"
      }
    },
    "estudo-node-z3/projeto/node_modules/npm-run-path": {
      "version": "5.3.0",
      "dev": true,
      "license": "MIT",
      "dependencies": {
        "path-key": "^4.0.0"
      },
      "engines": {
        "node": "^12.20.0 || ^14.13.1 || >=16.0.0"
      },
      "funding": {
        "url": "https://github.com/sponsors/sindresorhus"
      }
    },
    "estudo-node-z3/projeto/node_modules/npm-run-path/node_modules/path-key": {
      "version": "4.0.0",
      "dev": true,
      "license": "MIT",
      "engines": {
        "node": ">=12"
      },
      "funding": {
        "url": "https://github.com/sponsors/sindresorhus"
      }
    },
    "estudo-node-z3/projeto/node_modules/once": {
      "version": "1.4.0",
      "license": "ISC",
      "dependencies": {
        "wrappy": "1"
      }
    },
    "estudo-node-z3/projeto/node_modules/onetime": {
      "version": "6.0.0",
      "dev": true,
      "license": "MIT",
      "dependencies": {
        "mimic-fn": "^4.0.0"
      },
      "engines": {
        "node": ">=12"
      },
      "funding": {
        "url": "https://github.com/sponsors/sindresorhus"
      }
    },
    "estudo-node-z3/projeto/node_modules/p-limit": {
      "version": "5.0.0",
      "dev": true,
      "license": "MIT",
      "dependencies": {
        "yocto-queue": "^1.0.0"
      },
      "engines": {
        "node": ">=18"
      },
      "funding": {
        "url": "https://github.com/sponsors/sindresorhus"
      }
    },
    "estudo-node-z3/projeto/node_modules/path-is-absolute": {
      "version": "1.0.1",
      "license": "MIT",
      "engines": {
        "node": ">=0.10.0"
      }
    },
    "estudo-node-z3/projeto/node_modules/path-key": {
      "version": "3.1.1",
      "dev": true,
      "license": "MIT",
      "engines": {
        "node": ">=8"
      }
    },
    "estudo-node-z3/projeto/node_modules/path-parse": {
      "version": "1.0.7",
      "license": "MIT"
    },
    "estudo-node-z3/projeto/node_modules/pathe": {
      "version": "1.1.2",
      "dev": true,
      "license": "MIT"
    },
    "estudo-node-z3/projeto/node_modules/pathval": {
      "version": "1.1.1",
      "dev": true,
      "license": "MIT",
      "engines": {
        "node": "*"
      }
    },
    "estudo-node-z3/projeto/node_modules/picocolors": {
      "version": "1.0.0",
      "dev": true,
      "license": "ISC"
    },
    "estudo-node-z3/projeto/node_modules/picomatch": {
      "version": "2.3.1",
      "license": "MIT",
      "engines": {
        "node": ">=8.6"
      },
      "funding": {
        "url": "https://github.com/sponsors/jonschlinkert"
      }
    },
    "estudo-node-z3/projeto/node_modules/pkg-types": {
      "version": "1.0.3",
      "dev": true,
      "license": "MIT",
      "dependencies": {
        "jsonc-parser": "^3.2.0",
        "mlly": "^1.2.0",
        "pathe": "^1.1.0"
      }
    },
    "estudo-node-z3/projeto/node_modules/postcss": {
      "version": "8.4.35",
      "dev": true,
      "funding": [
        {
          "type": "opencollective",
          "url": "https://opencollective.com/postcss/"
        },
        {
          "type": "tidelift",
          "url": "https://tidelift.com/funding/github/npm/postcss"
        },
        {
          "type": "github",
          "url": "https://github.com/sponsors/ai"
        }
      ],
      "license": "MIT",
      "dependencies": {
        "nanoid": "^3.3.7",
        "picocolors": "^1.0.0",
        "source-map-js": "^1.0.2"
      },
      "engines": {
        "node": "^10 || ^12 || >=14"
      }
    },
    "estudo-node-z3/projeto/node_modules/pretty-format": {
      "version": "29.7.0",
      "dev": true,
      "license": "MIT",
      "dependencies": {
        "@jest/schemas": "^29.6.3",
        "ansi-styles": "^5.0.0",
        "react-is": "^18.0.0"
      },
      "engines": {
        "node": "^14.15.0 || ^16.10.0 || >=18.0.0"
      }
    },
    "estudo-node-z3/projeto/node_modules/react-is": {
      "version": "18.2.0",
      "dev": true,
      "license": "MIT"
    },
    "estudo-node-z3/projeto/node_modules/readdirp": {
      "version": "3.6.0",
      "license": "MIT",
      "dependencies": {
        "picomatch": "^2.2.1"
      },
      "engines": {
        "node": ">=8.10.0"
      }
    },
    "estudo-node-z3/projeto/node_modules/resolve": {
      "version": "1.22.8",
      "license": "MIT",
      "dependencies": {
        "is-core-module": "^2.13.0",
        "path-parse": "^1.0.7",
        "supports-preserve-symlinks-flag": "^1.0.0"
      },
      "bin": {
        "resolve": "bin/resolve"
      },
      "funding": {
        "url": "https://github.com/sponsors/ljharb"
      }
    },
    "estudo-node-z3/projeto/node_modules/rimraf": {
      "version": "2.7.1",
      "license": "ISC",
      "dependencies": {
        "glob": "^7.1.3"
      },
      "bin": {
        "rimraf": "bin.js"
      }
    },
    "estudo-node-z3/projeto/node_modules/rollup": {
      "version": "4.12.1",
      "dev": true,
      "license": "MIT",
      "dependencies": {
        "@types/estree": "1.0.5"
      },
      "bin": {
        "rollup": "dist/bin/rollup"
      },
      "engines": {
        "node": ">=18.0.0",
        "npm": ">=8.0.0"
      },
      "optionalDependencies": {
        "@rollup/rollup-android-arm-eabi": "4.12.1",
        "@rollup/rollup-android-arm64": "4.12.1",
        "@rollup/rollup-darwin-arm64": "4.12.1",
        "@rollup/rollup-darwin-x64": "4.12.1",
        "@rollup/rollup-linux-arm-gnueabihf": "4.12.1",
        "@rollup/rollup-linux-arm64-gnu": "4.12.1",
        "@rollup/rollup-linux-arm64-musl": "4.12.1",
        "@rollup/rollup-linux-riscv64-gnu": "4.12.1",
        "@rollup/rollup-linux-x64-gnu": "4.12.1",
        "@rollup/rollup-linux-x64-musl": "4.12.1",
        "@rollup/rollup-win32-arm64-msvc": "4.12.1",
        "@rollup/rollup-win32-ia32-msvc": "4.12.1",
        "@rollup/rollup-win32-x64-msvc": "4.12.1",
        "fsevents": "~2.3.2"
      }
    },
    "estudo-node-z3/projeto/node_modules/shebang-command": {
      "version": "2.0.0",
      "dev": true,
      "license": "MIT",
      "dependencies": {
        "shebang-regex": "^3.0.0"
      },
      "engines": {
        "node": ">=8"
      }
    },
    "estudo-node-z3/projeto/node_modules/shebang-regex": {
      "version": "3.0.0",
      "dev": true,
      "license": "MIT",
      "engines": {
        "node": ">=8"
      }
    },
    "estudo-node-z3/projeto/node_modules/siginfo": {
      "version": "2.0.0",
      "dev": true,
      "license": "ISC"
    },
    "estudo-node-z3/projeto/node_modules/signal-exit": {
      "version": "4.1.0",
      "dev": true,
      "license": "ISC",
      "engines": {
        "node": ">=14"
      },
      "funding": {
        "url": "https://github.com/sponsors/isaacs"
      }
    },
    "estudo-node-z3/projeto/node_modules/source-map": {
      "version": "0.6.1",
      "license": "BSD-3-Clause",
      "engines": {
        "node": ">=0.10.0"
      }
    },
    "estudo-node-z3/projeto/node_modules/source-map-js": {
      "version": "1.0.2",
      "dev": true,
      "license": "BSD-3-Clause",
      "engines": {
        "node": ">=0.10.0"
      }
    },
    "estudo-node-z3/projeto/node_modules/source-map-support": {
      "version": "0.5.21",
      "license": "MIT",
      "dependencies": {
        "buffer-from": "^1.0.0",
        "source-map": "^0.6.0"
      }
    },
    "estudo-node-z3/projeto/node_modules/stackback": {
      "version": "0.0.2",
      "dev": true,
      "license": "MIT"
    },
    "estudo-node-z3/projeto/node_modules/std-env": {
      "version": "3.7.0",
      "dev": true,
      "license": "MIT"
    },
    "estudo-node-z3/projeto/node_modules/strip-bom": {
      "version": "3.0.0",
      "license": "MIT",
      "engines": {
        "node": ">=4"
      }
    },
    "estudo-node-z3/projeto/node_modules/strip-final-newline": {
      "version": "3.0.0",
      "dev": true,
      "license": "MIT",
      "engines": {
        "node": ">=12"
      },
      "funding": {
        "url": "https://github.com/sponsors/sindresorhus"
      }
    },
    "estudo-node-z3/projeto/node_modules/strip-json-comments": {
      "version": "2.0.1",
      "license": "MIT",
      "engines": {
        "node": ">=0.10.0"
      }
    },
    "estudo-node-z3/projeto/node_modules/strip-literal": {
      "version": "2.0.0",
      "dev": true,
      "license": "MIT",
      "dependencies": {
        "js-tokens": "^8.0.2"
      },
      "funding": {
        "url": "https://github.com/sponsors/antfu"
      }
    },
    "estudo-node-z3/projeto/node_modules/supports-preserve-symlinks-flag": {
      "version": "1.0.0",
      "license": "MIT",
      "engines": {
        "node": ">= 0.4"
      },
      "funding": {
        "url": "https://github.com/sponsors/ljharb"
      }
    },
    "estudo-node-z3/projeto/node_modules/tinybench": {
      "version": "2.6.0",
      "dev": true,
      "license": "MIT"
    },
    "estudo-node-z3/projeto/node_modules/tinypool": {
      "version": "0.8.2",
      "dev": true,
      "license": "MIT",
      "engines": {
        "node": ">=14.0.0"
      }
    },
    "estudo-node-z3/projeto/node_modules/tinyspy": {
      "version": "2.2.1",
      "dev": true,
      "license": "MIT",
      "engines": {
        "node": ">=14.0.0"
      }
    },
    "estudo-node-z3/projeto/node_modules/to-regex-range": {
      "version": "5.0.1",
      "license": "MIT",
      "dependencies": {
        "is-number": "^7.0.0"
      },
      "engines": {
        "node": ">=8.0"
      }
    },
    "estudo-node-z3/projeto/node_modules/tree-kill": {
      "version": "1.2.2",
      "license": "MIT",
      "bin": {
        "tree-kill": "cli.js"
      }
    },
    "estudo-node-z3/projeto/node_modules/ts-node": {
      "version": "10.9.2",
      "license": "MIT",
      "dependencies": {
        "@cspotcode/source-map-support": "^0.8.0",
        "@tsconfig/node10": "^1.0.7",
        "@tsconfig/node12": "^1.0.7",
        "@tsconfig/node14": "^1.0.0",
        "@tsconfig/node16": "^1.0.2",
        "acorn": "^8.4.1",
        "acorn-walk": "^8.1.1",
        "arg": "^4.1.0",
        "create-require": "^1.1.0",
        "diff": "^4.0.1",
        "make-error": "^1.1.1",
        "v8-compile-cache-lib": "^3.0.1",
        "yn": "3.1.1"
      },
      "bin": {
        "ts-node": "dist/bin.js",
        "ts-node-cwd": "dist/bin-cwd.js",
        "ts-node-esm": "dist/bin-esm.js",
        "ts-node-script": "dist/bin-script.js",
        "ts-node-transpile-only": "dist/bin-transpile.js",
        "ts-script": "dist/bin-script-deprecated.js"
      },
      "peerDependencies": {
        "@swc/core": ">=1.2.50",
        "@swc/wasm": ">=1.2.50",
        "@types/node": "*",
        "typescript": ">=2.7"
      },
      "peerDependenciesMeta": {
        "@swc/core": {
          "optional": true
        },
        "@swc/wasm": {
          "optional": true
        }
      }
    },
    "estudo-node-z3/projeto/node_modules/ts-node-dev": {
      "version": "2.0.0",
      "license": "MIT",
      "dependencies": {
        "chokidar": "^3.5.1",
        "dynamic-dedupe": "^0.3.0",
        "minimist": "^1.2.6",
        "mkdirp": "^1.0.4",
        "resolve": "^1.0.0",
        "rimraf": "^2.6.1",
        "source-map-support": "^0.5.12",
        "tree-kill": "^1.2.2",
        "ts-node": "^10.4.0",
        "tsconfig": "^7.0.0"
      },
      "bin": {
        "ts-node-dev": "lib/bin.js",
        "tsnd": "lib/bin.js"
      },
      "engines": {
        "node": ">=0.8.0"
      },
      "peerDependencies": {
        "node-notifier": "*",
        "typescript": "*"
      },
      "peerDependenciesMeta": {
        "node-notifier": {
          "optional": true
        }
      }
    },
    "estudo-node-z3/projeto/node_modules/tsconfig": {
      "version": "7.0.0",
      "license": "MIT",
      "dependencies": {
        "@types/strip-bom": "^3.0.0",
        "@types/strip-json-comments": "0.0.30",
        "strip-bom": "^3.0.0",
        "strip-json-comments": "^2.0.0"
      }
    },
    "estudo-node-z3/projeto/node_modules/tslib": {
      "version": "2.6.2",
      "license": "0BSD"
    },
    "estudo-node-z3/projeto/node_modules/type-detect": {
      "version": "4.0.8",
      "dev": true,
      "license": "MIT",
      "engines": {
        "node": ">=4"
      }
    },
    "estudo-node-z3/projeto/node_modules/typescript": {
      "version": "5.4.2",
      "license": "Apache-2.0",
      "bin": {
        "tsc": "bin/tsc",
        "tsserver": "bin/tsserver"
      },
      "engines": {
        "node": ">=14.17"
      }
    },
    "estudo-node-z3/projeto/node_modules/ufo": {
      "version": "1.4.0",
      "dev": true,
      "license": "MIT"
    },
    "estudo-node-z3/projeto/node_modules/undici-types": {
      "version": "5.26.5",
      "license": "MIT",
      "peer": true
    },
    "estudo-node-z3/projeto/node_modules/v8-compile-cache-lib": {
      "version": "3.0.1",
      "license": "MIT"
    },
    "estudo-node-z3/projeto/node_modules/vite": {
      "version": "5.1.5",
      "dev": true,
      "license": "MIT",
      "dependencies": {
        "esbuild": "^0.19.3",
        "postcss": "^8.4.35",
        "rollup": "^4.2.0"
      },
      "bin": {
        "vite": "bin/vite.js"
      },
      "engines": {
        "node": "^18.0.0 || >=20.0.0"
      },
      "funding": {
        "url": "https://github.com/vitejs/vite?sponsor=1"
      },
      "optionalDependencies": {
        "fsevents": "~2.3.3"
      },
      "peerDependencies": {
        "@types/node": "^18.0.0 || >=20.0.0",
        "less": "*",
        "lightningcss": "^1.21.0",
        "sass": "*",
        "stylus": "*",
        "sugarss": "*",
        "terser": "^5.4.0"
      },
      "peerDependenciesMeta": {
        "@types/node": {
          "optional": true
        },
        "less": {
          "optional": true
        },
        "lightningcss": {
          "optional": true
        },
        "sass": {
          "optional": true
        },
        "stylus": {
          "optional": true
        },
        "sugarss": {
          "optional": true
        },
        "terser": {
          "optional": true
        }
      }
    },
    "estudo-node-z3/projeto/node_modules/vite-node": {
      "version": "1.3.1",
      "dev": true,
      "license": "MIT",
      "dependencies": {
        "cac": "^6.7.14",
        "debug": "^4.3.4",
        "pathe": "^1.1.1",
        "picocolors": "^1.0.0",
        "vite": "^5.0.0"
      },
      "bin": {
        "vite-node": "vite-node.mjs"
      },
      "engines": {
        "node": "^18.0.0 || >=20.0.0"
      },
      "funding": {
        "url": "https://opencollective.com/vitest"
      }
    },
    "estudo-node-z3/projeto/node_modules/vitest": {
      "version": "1.3.1",
      "dev": true,
      "license": "MIT",
      "dependencies": {
        "@vitest/expect": "1.3.1",
        "@vitest/runner": "1.3.1",
        "@vitest/snapshot": "1.3.1",
        "@vitest/spy": "1.3.1",
        "@vitest/utils": "1.3.1",
        "acorn-walk": "^8.3.2",
        "chai": "^4.3.10",
        "debug": "^4.3.4",
        "execa": "^8.0.1",
        "local-pkg": "^0.5.0",
        "magic-string": "^0.30.5",
        "pathe": "^1.1.1",
        "picocolors": "^1.0.0",
        "std-env": "^3.5.0",
        "strip-literal": "^2.0.0",
        "tinybench": "^2.5.1",
        "tinypool": "^0.8.2",
        "vite": "^5.0.0",
        "vite-node": "1.3.1",
        "why-is-node-running": "^2.2.2"
      },
      "bin": {
        "vitest": "vitest.mjs"
      },
      "engines": {
        "node": "^18.0.0 || >=20.0.0"
      },
      "funding": {
        "url": "https://opencollective.com/vitest"
      },
      "peerDependencies": {
        "@edge-runtime/vm": "*",
        "@types/node": "^18.0.0 || >=20.0.0",
        "@vitest/browser": "1.3.1",
        "@vitest/ui": "1.3.1",
        "happy-dom": "*",
        "jsdom": "*"
      },
      "peerDependenciesMeta": {
        "@edge-runtime/vm": {
          "optional": true
        },
        "@types/node": {
          "optional": true
        },
        "@vitest/browser": {
          "optional": true
        },
        "@vitest/ui": {
          "optional": true
        },
        "happy-dom": {
          "optional": true
        },
        "jsdom": {
          "optional": true
        }
      }
    },
    "estudo-node-z3/projeto/node_modules/which": {
      "version": "2.0.2",
      "dev": true,
      "license": "ISC",
      "dependencies": {
        "isexe": "^2.0.0"
      },
      "bin": {
        "node-which": "bin/node-which"
      },
      "engines": {
        "node": ">= 8"
      }
    },
    "estudo-node-z3/projeto/node_modules/why-is-node-running": {
      "version": "2.2.2",
      "dev": true,
      "license": "MIT",
      "dependencies": {
        "siginfo": "^2.0.0",
        "stackback": "0.0.2"
      },
      "bin": {
        "why-is-node-running": "cli.js"
      },
      "engines": {
        "node": ">=8"
      }
    },
    "estudo-node-z3/projeto/node_modules/wrappy": {
      "version": "1.0.2",
      "license": "ISC"
    },
    "estudo-node-z3/projeto/node_modules/xtend": {
      "version": "4.0.2",
      "license": "MIT",
      "engines": {
        "node": ">=0.4"
      }
    },
    "estudo-node-z3/projeto/node_modules/yn": {
      "version": "3.1.1",
      "license": "MIT",
      "engines": {
        "node": ">=6"
      }
    },
    "estudo-node-z3/projeto/node_modules/yocto-queue": {
      "version": "1.0.0",
      "dev": true,
      "license": "MIT",
      "engines": {
        "node": ">=12.20"
      },
      "funding": {
        "url": "https://github.com/sponsors/sindresorhus"
      }
    },
    "estudo-node-z3/projeto/node_modules/z3-solver": {
      "version": "4.13.0",
      "license": "MIT",
      "dependencies": {
        "async-mutex": "^0.3.2"
      },
      "engines": {
        "node": ">=16"
      }
    },
    "node_modules/projeto": {
      "resolved": "estudo-node-z3/projeto",
      "link": true
    }
  }
}
