
Microsoft Visual Studio Solution File, Format Version 12.00
# Visual Studio Version 16
VisualStudioVersion = 25.0.1706.8
MinimumVisualStudioVersion = 10.0.40219.1
Project("{FAE04EC0-301F-11D3-BF4B-00C04F79EFBC}") = "GerarHorario", "GerarHorario\GerarHorario.csproj", "{EEA93FBA-1535-4D57-8DA4-396C1B4AE7FF}"
EndProject
Project("{FAE04EC0-301F-11D3-BF4B-00C04F79EFBC}") = "GerarHorario-Tests", "GerarHorario-Tests\GerarHorario-Tests.csproj", "{D1698200-ACE2-4853-9AED-D000B7AC95E7}"
EndProject
Global
	GlobalSection(SolutionConfigurationPlatforms) = preSolution
		Debug|Any CPU = Debug|Any CPU
		Release|Any CPU = Release|Any CPU
	EndGlobalSection
	GlobalSection(ProjectConfigurationPlatforms) = postSolution
		{EEA93FBA-1535-4D57-8DA4-396C1B4AE7FF}.Debug|Any CPU.ActiveCfg = Debug|Any CPU
		{EEA93FBA-1535-4D57-8DA4-396C1B4AE7FF}.Debug|Any CPU.Build.0 = Debug|Any CPU
		{EEA93FBA-1535-4D57-8DA4-396C1B4AE7FF}.Release|Any CPU.ActiveCfg = Release|Any CPU
		{EEA93FBA-1535-4D57-8DA4-396C1B4AE7FF}.Release|Any CPU.Build.0 = Release|Any CPU
		{D1698200-ACE2-4853-9AED-D000B7AC95E7}.Debug|Any CPU.ActiveCfg = Debug|Any CPU
		{D1698200-ACE2-4853-9AED-D000B7AC95E7}.Debug|Any CPU.Build.0 = Debug|Any CPU
		{D1698200-ACE2-4853-9AED-D000B7AC95E7}.Release|Any CPU.ActiveCfg = Release|Any CPU
		{D1698200-ACE2-4853-9AED-D000B7AC95E7}.Release|Any CPU.Build.0 = Release|Any CPU
	EndGlobalSection
	GlobalSection(SolutionProperties) = preSolution
		HideSolutionNode = FALSE
	EndGlobalSection
	GlobalSection(ExtensibilityGlobals) = postSolution
		SolutionGuid = {92493064-B093-4AF4-9285-0773F4AF56A7}
	EndGlobalSection
EndGlobal
