
Microsoft Visual Studio Solution File, Format Version 12.00
# Visual Studio Version 17
VisualStudioVersion = 17.0.31903.59
MinimumVisualStudioVersion = 10.0.40219.1
Project("{FAE04EC0-301F-11D3-BF4B-00C04F79EFBC}") = "Core", "Core\Core.csproj", "{17660C9A-308E-4EED-B8A8-4E7023123D7B}"
EndProject
Project("{FAE04EC0-301F-11D3-BF4B-00C04F79EFBC}") = "Core-Tests", "Core-Tests\Core-Tests.csproj", "{DAD9F3F3-C1F4-42AB-99EC-2CCF1C4D3AAD}"
EndProject
Global
	GlobalSection(SolutionConfigurationPlatforms) = preSolution
		Debug|Any CPU = Debug|Any CPU
		Release|Any CPU = Release|Any CPU
	EndGlobalSection
	GlobalSection(SolutionProperties) = preSolution
		HideSolutionNode = FALSE
	EndGlobalSection
	GlobalSection(ProjectConfigurationPlatforms) = postSolution
		{17660C9A-308E-4EED-B8A8-4E7023123D7B}.Debug|Any CPU.ActiveCfg = Debug|Any CPU
		{17660C9A-308E-4EED-B8A8-4E7023123D7B}.Debug|Any CPU.Build.0 = Debug|Any CPU
		{17660C9A-308E-4EED-B8A8-4E7023123D7B}.Release|Any CPU.ActiveCfg = Release|Any CPU
		{17660C9A-308E-4EED-B8A8-4E7023123D7B}.Release|Any CPU.Build.0 = Release|Any CPU
		{DAD9F3F3-C1F4-42AB-99EC-2CCF1C4D3AAD}.Debug|Any CPU.ActiveCfg = Debug|Any CPU
		{DAD9F3F3-C1F4-42AB-99EC-2CCF1C4D3AAD}.Debug|Any CPU.Build.0 = Debug|Any CPU
		{DAD9F3F3-C1F4-42AB-99EC-2CCF1C4D3AAD}.Release|Any CPU.ActiveCfg = Release|Any CPU
		{DAD9F3F3-C1F4-42AB-99EC-2CCF1C4D3AAD}.Release|Any CPU.Build.0 = Release|Any CPU
	EndGlobalSection
EndGlobal
