
Microsoft Visual Studio Solution File, Format Version 12.00
# Visual Studio Version 17
VisualStudioVersion = 17.5.002.0
MinimumVisualStudioVersion = 10.0.40219.1
Project("{9A19103F-16F7-4668-BE54-9A1E7A4F7556}") = "GerarHorario-Service", "GerarHorario-Service\GerarHorario-Service.csproj", "{84FE26B6-067E-4819-B86A-156FCA77996F}"
EndProject
Global
	GlobalSection(SolutionConfigurationPlatforms) = preSolution
		Debug|Any CPU = Debug|Any CPU
		Release|Any CPU = Release|Any CPU
	EndGlobalSection
	GlobalSection(ProjectConfigurationPlatforms) = postSolution
		{84FE26B6-067E-4819-B86A-156FCA77996F}.Debug|Any CPU.ActiveCfg = Debug|Any CPU
		{84FE26B6-067E-4819-B86A-156FCA77996F}.Debug|Any CPU.Build.0 = Debug|Any CPU
		{84FE26B6-067E-4819-B86A-156FCA77996F}.Release|Any CPU.ActiveCfg = Release|Any CPU
		{84FE26B6-067E-4819-B86A-156FCA77996F}.Release|Any CPU.Build.0 = Release|Any CPU
	EndGlobalSection
	GlobalSection(SolutionProperties) = preSolution
		HideSolutionNode = FALSE
	EndGlobalSection
	GlobalSection(ExtensibilityGlobals) = postSolution
		SolutionGuid = {D3CED210-9EFC-4E43-893E-2E2129CA5A9D}
	EndGlobalSection
EndGlobal
